// !$*UTF8*$!
{
	archiveVersion = 1;
	classes = {
	};
	objectVersion = 46;
	objects = {

/* Begin PBXBuildFile section */
		0C813AB122F1368B0017FCFC /* AppDelegate+MobShare.m in Sources */ = {isa = PBXBuildFile; fileRef = FE0FD2991D217F2B000CD76B /* AppDelegate+MobShare.m */; };
		0C813AB222F1368B0017FCFC /* HomeVC+JPush.m in Sources */ = {isa = PBXBuildFile; fileRef = FE7A11471CCFE4F100A36FD0 /* HomeVC+JPush.m */; };
		0C813AB322F1368B0017FCFC /* HomeVC.m in Sources */ = {isa = PBXBuildFile; fileRef = FEEE5AD51C9E045A00480813 /* HomeVC.m */; };
		0C813AB422F1368B0017FCFC /* HomeVC+UPPayment.mm in Sources */ = {isa = PBXBuildFile; fileRef = FE7473421CC3DE2200CBDCF3 /* HomeVC+UPPayment.mm */; };
		0C813AB522F1368B0017FCFC /* MyNaviManage+GaoDeNavi.m in Sources */ = {isa = PBXBuildFile; fileRef = FEFE80801CBF8ADB00F25CA5 /* MyNaviManage+GaoDeNavi.m */; };
		0C813AB622F1368B0017FCFC /* MyNaviManage.m in Sources */ = {isa = PBXBuildFile; fileRef = FEFE807D1CBF8A9100F25CA5 /* MyNaviManage.m */; };
		0C813AB722F1368B0017FCFC /* HomeVC+MobShare.m in Sources */ = {isa = PBXBuildFile; fileRef = FE0FD29C1D218554000CD76B /* HomeVC+MobShare.m */; };
		0C813AB822F1368B0017FCFC /* WXUtil.mm in Sources */ = {isa = PBXBuildFile; fileRef = FEDB426F1CBB415700401F4A /* WXUtil.mm */; };
		0C813AB922F1368B0017FCFC /* AppDelegate.m in Sources */ = {isa = PBXBuildFile; fileRef = FE01FFCF1C9BB2720084AB2E /* AppDelegate.m */; };
		0C813ABA22F1368B0017FCFC /* AFNTool.m in Sources */ = {isa = PBXBuildFile; fileRef = FEFFCDF41D1CE10E00709147 /* AFNTool.m */; };
		0C813ABB22F1368B0017FCFC /* main.m in Sources */ = {isa = PBXBuildFile; fileRef = FE01FFCC1C9BB2720084AB2E /* main.m */; };
		0C813ABC22F1368B0017FCFC /* Const.m in Sources */ = {isa = PBXBuildFile; fileRef = FE775CF81DEFFA4000FCE4DB /* Const.m */; };
		0C813ABD22F1368B0017FCFC /* UIPopoverListView.m in Sources */ = {isa = PBXBuildFile; fileRef = FEFE80861CBF8D2F00F25CA5 /* UIPopoverListView.m */; settings = {COMPILER_FLAGS = "-fno-objc-arc"; }; };
		0C813ABE22F1368B0017FCFC /* HomeVC+WxPayment.m in Sources */ = {isa = PBXBuildFile; fileRef = FEDB426B1CBB3FD500401F4A /* HomeVC+WxPayment.m */; };
		0C813ABF22F1368B0017FCFC /* HomeVC+AMapSearch.m in Sources */ = {isa = PBXBuildFile; fileRef = FE0924851DC0AE6800FD047B /* HomeVC+AMapSearch.m */; };
		0C813AC022F1368B0017FCFC /* HomeVC+Camera.m in Sources */ = {isa = PBXBuildFile; fileRef = FE4C7F5B1D1BDB360021BC02 /* HomeVC+Camera.m */; };
		0C813AC122F1368B0017FCFC /* DoImagePickerController.m in Sources */ = {isa = PBXBuildFile; fileRef = FED65E611D3F2A3C0092C90A /* DoImagePickerController.m */; };
		0C813AC222F1368B0017FCFC /* AppDelegate+JPush.m in Sources */ = {isa = PBXBuildFile; fileRef = FE1A7E211CCF5DA2007AC986 /* AppDelegate+JPush.m */; };
		0C813AC322F1368B0017FCFC /* KeychainItemWrapper.m in Sources */ = {isa = PBXBuildFile; fileRef = FEDB425D1CBAAECB00401F4A /* KeychainItemWrapper.m */; settings = {COMPILER_FLAGS = "-fno-objc-arc"; }; };
		0C813AC422F1368B0017FCFC /* MyNaviManage+BaiDuNavi.m in Sources */ = {isa = PBXBuildFile; fileRef = FEFE80831CBF8AF800F25CA5 /* MyNaviManage+BaiDuNavi.m */; };
		0C813AC522F1368B0017FCFC /* WxBackVC.m in Sources */ = {isa = PBXBuildFile; fileRef = FEADF4041CBCE89300B0F5E0 /* WxBackVC.m */; };
		0C813AC622F1368B0017FCFC /* YCPlaceHolderView.m in Sources */ = {isa = PBXBuildFile; fileRef = 840D25BC228E64E800482800 /* YCPlaceHolderView.m */; };
		0C813AC722F1368B0017FCFC /* DoAlbumCell.m in Sources */ = {isa = PBXBuildFile; fileRef = FED65E5E1D3F2A3C0092C90A /* DoAlbumCell.m */; };
		0C813AC822F1368B0017FCFC /* AssetHelper.m in Sources */ = {isa = PBXBuildFile; fileRef = FED65E5C1D3F2A3C0092C90A /* AssetHelper.m */; };
		0C813AC922F1368B0017FCFC /* DoPhotoCell.m in Sources */ = {isa = PBXBuildFile; fileRef = FED65E641D3F2A3C0092C90A /* DoPhotoCell.m */; };
		0C813ACA22F1368B0017FCFC /* HomeVC+NaviPopup.m in Sources */ = {isa = PBXBuildFile; fileRef = FEFE808F1CBF911E00F25CA5 /* HomeVC+NaviPopup.m */; };
		0C813ACB22F1368B0017FCFC /* UIWebView+JavaScriptAlert.m in Sources */ = {isa = PBXBuildFile; fileRef = FE7478971CB89CCE00148910 /* UIWebView+JavaScriptAlert.m */; };
		0C813ACD22F1368B0017FCFC /* CoreFoundation.framework in Frameworks */ = {isa = PBXBuildFile; fileRef = FE07B9691CC9BF2000A48925 /* CoreFoundation.framework */; };
		0C813ACE22F1368B0017FCFC /* CoreLocation.framework in Frameworks */ = {isa = PBXBuildFile; fileRef = FE7473491CC3F38200CBDCF3 /* CoreLocation.framework */; };
		0C813ACF22F1368B0017FCFC /* UIKit.framework in Frameworks */ = {isa = PBXBuildFile; fileRef = FEFE80931CBF91F900F25CA5 /* UIKit.framework */; };
		0C813AD022F1368B0017FCFC /* QuartzCore.framework in Frameworks */ = {isa = PBXBuildFile; fileRef = FEFE80881CBF8D3F00F25CA5 /* QuartzCore.framework */; };
		0C813AD122F1368B0017FCFC /* libsqlite3.0.tbd in Frameworks */ = {isa = PBXBuildFile; fileRef = FEDFB9461CBB481B0007C85C /* libsqlite3.0.tbd */; };
		0C813AD222F1368B0017FCFC /* CoreTelephony.framework in Frameworks */ = {isa = PBXBuildFile; fileRef = FEDB42681CBB3E4000401F4A /* CoreTelephony.framework */; };
		0C813AD322F1368B0017FCFC /* libz.tbd in Frameworks */ = {isa = PBXBuildFile; fileRef = FE7478B01CB8DD0600148910 /* libz.tbd */; };
		0C813AD422F1368B0017FCFC /* AMapSearchKit.framework in Frameworks */ = {isa = PBXBuildFile; fileRef = FE0924801DC0ACB800FD047B /* AMapSearchKit.framework */; };
		0C813AD522F1368B0017FCFC /* jpush-ios-2.1.6.a in Frameworks */ = {isa = PBXBuildFile; fileRef = FE1A7E1C1CCF54AA007AC986 /* jpush-ios-2.1.6.a */; };
		0C813AD622F1368B0017FCFC /* CFNetwork.framework in Frameworks */ = {isa = PBXBuildFile; fileRef = FE7478AB1CB8DCCE00148910 /* CFNetwork.framework */; };
		0C813AD722F1368B0017FCFC /* libPaymentControl.a in Frameworks */ = {isa = PBXBuildFile; fileRef = FE7478A81CB8DCB200148910 /* libPaymentControl.a */; };
		0C813AD822F1368B0017FCFC /* AMapLocationKit.framework in Frameworks */ = {isa = PBXBuildFile; fileRef = FE7473471CC3F35100CBDCF3 /* AMapLocationKit.framework */; };
		0C813AD922F1368B0017FCFC /* Pods_MytShell.framework in Frameworks */ = {isa = PBXBuildFile; fileRef = FAB6C5177B50DB39C843BF68 /* Pods_MytShell.framework */; };
		0C813ADB22F1368B0017FCFC /* DoPhotoCell.xib in Resources */ = {isa = PBXBuildFile; fileRef = FED65E651D3F2A3C0092C90A /* DoPhotoCell.xib */; };
		0C813ADC22F1368B0017FCFC /* DoImagePickerController.xib in Resources */ = {isa = PBXBuildFile; fileRef = FED65E621D3F2A3C0092C90A /* DoImagePickerController.xib */; };
		0C813ADD22F1368B0017FCFC /* DoAlbumCell.xib in Resources */ = {isa = PBXBuildFile; fileRef = FED65E5F1D3F2A3C0092C90A /* DoAlbumCell.xib */; };
		0C813ADF22F1368B0017FCFC /* YCPlaceHolderView.xib in Resources */ = {isa = PBXBuildFile; fileRef = 840D25BE228E64F300482800 /* YCPlaceHolderView.xib */; };
		0C813AE022F1368B0017FCFC /* placeholder_no_data@3x.png in Resources */ = {isa = PBXBuildFile; fileRef = 840D25C0228E652C00482800 /* placeholder_no_data@3x.png */; };
		0C813AE122F1368B0017FCFC /* Default-568h@2x.png in Resources */ = {isa = PBXBuildFile; fileRef = FEF53DF91D1D08EA002B05EA /* Default-568h@2x.png */; };
		0C813AE222F1368B0017FCFC /* placeholder_no_data@2x.png in Resources */ = {isa = PBXBuildFile; fileRef = 840D25C1228E652D00482800 /* placeholder_no_data@2x.png */; };
		0C813AE322F1368B0017FCFC /* placeholder_no_data.png in Resources */ = {isa = PBXBuildFile; fileRef = 840D25C2228E652D00482800 /* placeholder_no_data.png */; };
		0C813AED22F139A30017FCFC /* BaiYue-Info.plist in Resources */ = {isa = PBXBuildFile; fileRef = 0C813AEC22F139A30017FCFC /* BaiYue-Info.plist */; };
		0C813AEE22F13C8F0017FCFC /* Assets.xcassets in Resources */ = {isa = PBXBuildFile; fileRef = FE01FFD71C9BB2720084AB2E /* Assets.xcassets */; };
		840D25BD228E64E800482800 /* YCPlaceHolderView.m in Sources */ = {isa = PBXBuildFile; fileRef = 840D25BC228E64E800482800 /* YCPlaceHolderView.m */; };
		840D25BF228E64F300482800 /* YCPlaceHolderView.xib in Resources */ = {isa = PBXBuildFile; fileRef = 840D25BE228E64F300482800 /* YCPlaceHolderView.xib */; };
		840D25C3228E652D00482800 /* placeholder_no_data@3x.png in Resources */ = {isa = PBXBuildFile; fileRef = 840D25C0228E652C00482800 /* placeholder_no_data@3x.png */; };
		840D25C4228E652D00482800 /* placeholder_no_data@2x.png in Resources */ = {isa = PBXBuildFile; fileRef = 840D25C1228E652D00482800 /* placeholder_no_data@2x.png */; };
		840D25C5228E652D00482800 /* placeholder_no_data.png in Resources */ = {isa = PBXBuildFile; fileRef = 840D25C2228E652D00482800 /* placeholder_no_data.png */; };
		CD244BFAEF70DF37C41C25FA /* Pods_MytShell.framework in Frameworks */ = {isa = PBXBuildFile; fileRef = FAB6C5177B50DB39C843BF68 /* Pods_MytShell.framework */; };
		FE01FFCD1C9BB2720084AB2E /* main.m in Sources */ = {isa = PBXBuildFile; fileRef = FE01FFCC1C9BB2720084AB2E /* main.m */; };
		FE01FFD01C9BB2720084AB2E /* AppDelegate.m in Sources */ = {isa = PBXBuildFile; fileRef = FE01FFCF1C9BB2720084AB2E /* AppDelegate.m */; };
		FE01FFD81C9BB2720084AB2E /* Assets.xcassets in Resources */ = {isa = PBXBuildFile; fileRef = FE01FFD71C9BB2720084AB2E /* Assets.xcassets */; };
		FE07B96A1CC9BF2000A48925 /* CoreFoundation.framework in Frameworks */ = {isa = PBXBuildFile; fileRef = FE07B9691CC9BF2000A48925 /* CoreFoundation.framework */; };
		FE0924811DC0ACB800FD047B /* AMapSearchKit.framework in Frameworks */ = {isa = PBXBuildFile; fileRef = FE0924801DC0ACB800FD047B /* AMapSearchKit.framework */; };
		FE0924861DC0AE6800FD047B /* HomeVC+AMapSearch.m in Sources */ = {isa = PBXBuildFile; fileRef = FE0924851DC0AE6800FD047B /* HomeVC+AMapSearch.m */; };
		FE0FD29A1D217F2B000CD76B /* AppDelegate+MobShare.m in Sources */ = {isa = PBXBuildFile; fileRef = FE0FD2991D217F2B000CD76B /* AppDelegate+MobShare.m */; };
		FE0FD29D1D218554000CD76B /* HomeVC+MobShare.m in Sources */ = {isa = PBXBuildFile; fileRef = FE0FD29C1D218554000CD76B /* HomeVC+MobShare.m */; };
		FE1A7E1E1CCF54AA007AC986 /* jpush-ios-2.1.6.a in Frameworks */ = {isa = PBXBuildFile; fileRef = FE1A7E1C1CCF54AA007AC986 /* jpush-ios-2.1.6.a */; };
		FE1A7E221CCF5DA2007AC986 /* AppDelegate+JPush.m in Sources */ = {isa = PBXBuildFile; fileRef = FE1A7E211CCF5DA2007AC986 /* AppDelegate+JPush.m */; };
		FE4C7F5C1D1BDB360021BC02 /* HomeVC+Camera.m in Sources */ = {isa = PBXBuildFile; fileRef = FE4C7F5B1D1BDB360021BC02 /* HomeVC+Camera.m */; };
		FE7473431CC3DE2200CBDCF3 /* HomeVC+UPPayment.mm in Sources */ = {isa = PBXBuildFile; fileRef = FE7473421CC3DE2200CBDCF3 /* HomeVC+UPPayment.mm */; };
		FE7473481CC3F35100CBDCF3 /* AMapLocationKit.framework in Frameworks */ = {isa = PBXBuildFile; fileRef = FE7473471CC3F35100CBDCF3 /* AMapLocationKit.framework */; };
		FE74734A1CC3F38200CBDCF3 /* CoreLocation.framework in Frameworks */ = {isa = PBXBuildFile; fileRef = FE7473491CC3F38200CBDCF3 /* CoreLocation.framework */; };
		FE7478981CB89CCE00148910 /* UIWebView+JavaScriptAlert.m in Sources */ = {isa = PBXBuildFile; fileRef = FE7478971CB89CCE00148910 /* UIWebView+JavaScriptAlert.m */; };
		FE7478AA1CB8DCB200148910 /* libPaymentControl.a in Frameworks */ = {isa = PBXBuildFile; fileRef = FE7478A81CB8DCB200148910 /* libPaymentControl.a */; };
		FE7478AC1CB8DCCE00148910 /* CFNetwork.framework in Frameworks */ = {isa = PBXBuildFile; fileRef = FE7478AB1CB8DCCE00148910 /* CFNetwork.framework */; };
		FE7478B11CB8DD0600148910 /* libz.tbd in Frameworks */ = {isa = PBXBuildFile; fileRef = FE7478B01CB8DD0600148910 /* libz.tbd */; };
		FE775CF91DEFFA4000FCE4DB /* Const.m in Sources */ = {isa = PBXBuildFile; fileRef = FE775CF81DEFFA4000FCE4DB /* Const.m */; };
		FE7A11481CCFE4F100A36FD0 /* HomeVC+JPush.m in Sources */ = {isa = PBXBuildFile; fileRef = FE7A11471CCFE4F100A36FD0 /* HomeVC+JPush.m */; };
		FEADF4051CBCE89300B0F5E0 /* WxBackVC.m in Sources */ = {isa = PBXBuildFile; fileRef = FEADF4041CBCE89300B0F5E0 /* WxBackVC.m */; };
		FED65E661D3F2A3C0092C90A /* AssetHelper.m in Sources */ = {isa = PBXBuildFile; fileRef = FED65E5C1D3F2A3C0092C90A /* AssetHelper.m */; };
		FED65E671D3F2A3C0092C90A /* DoAlbumCell.m in Sources */ = {isa = PBXBuildFile; fileRef = FED65E5E1D3F2A3C0092C90A /* DoAlbumCell.m */; };
		FED65E681D3F2A3C0092C90A /* DoAlbumCell.xib in Resources */ = {isa = PBXBuildFile; fileRef = FED65E5F1D3F2A3C0092C90A /* DoAlbumCell.xib */; };
		FED65E691D3F2A3C0092C90A /* DoImagePickerController.m in Sources */ = {isa = PBXBuildFile; fileRef = FED65E611D3F2A3C0092C90A /* DoImagePickerController.m */; };
		FED65E6A1D3F2A3C0092C90A /* DoImagePickerController.xib in Resources */ = {isa = PBXBuildFile; fileRef = FED65E621D3F2A3C0092C90A /* DoImagePickerController.xib */; };
		FED65E6B1D3F2A3C0092C90A /* DoPhotoCell.m in Sources */ = {isa = PBXBuildFile; fileRef = FED65E641D3F2A3C0092C90A /* DoPhotoCell.m */; };
		FED65E6C1D3F2A3C0092C90A /* DoPhotoCell.xib in Resources */ = {isa = PBXBuildFile; fileRef = FED65E651D3F2A3C0092C90A /* DoPhotoCell.xib */; };
		FEDB425E1CBAAECB00401F4A /* KeychainItemWrapper.m in Sources */ = {isa = PBXBuildFile; fileRef = FEDB425D1CBAAECB00401F4A /* KeychainItemWrapper.m */; settings = {COMPILER_FLAGS = "-fno-objc-arc"; }; };
		FEDB42691CBB3E4000401F4A /* CoreTelephony.framework in Frameworks */ = {isa = PBXBuildFile; fileRef = FEDB42681CBB3E4000401F4A /* CoreTelephony.framework */; };
		FEDB426C1CBB3FD500401F4A /* HomeVC+WxPayment.m in Sources */ = {isa = PBXBuildFile; fileRef = FEDB426B1CBB3FD500401F4A /* HomeVC+WxPayment.m */; };
		FEDB42701CBB415700401F4A /* WXUtil.mm in Sources */ = {isa = PBXBuildFile; fileRef = FEDB426F1CBB415700401F4A /* WXUtil.mm */; };
		FEDFB9471CBB481B0007C85C /* libsqlite3.0.tbd in Frameworks */ = {isa = PBXBuildFile; fileRef = FEDFB9461CBB481B0007C85C /* libsqlite3.0.tbd */; };
		FEEE5AD61C9E045A00480813 /* HomeVC.m in Sources */ = {isa = PBXBuildFile; fileRef = FEEE5AD51C9E045A00480813 /* HomeVC.m */; };
		FEF53DFA1D1D08EA002B05EA /* Default-568h@2x.png in Resources */ = {isa = PBXBuildFile; fileRef = FEF53DF91D1D08EA002B05EA /* Default-568h@2x.png */; };
		FEFE807E1CBF8A9100F25CA5 /* MyNaviManage.m in Sources */ = {isa = PBXBuildFile; fileRef = FEFE807D1CBF8A9100F25CA5 /* MyNaviManage.m */; };
		FEFE80811CBF8ADB00F25CA5 /* MyNaviManage+GaoDeNavi.m in Sources */ = {isa = PBXBuildFile; fileRef = FEFE80801CBF8ADB00F25CA5 /* MyNaviManage+GaoDeNavi.m */; };
		FEFE80841CBF8AF800F25CA5 /* MyNaviManage+BaiDuNavi.m in Sources */ = {isa = PBXBuildFile; fileRef = FEFE80831CBF8AF800F25CA5 /* MyNaviManage+BaiDuNavi.m */; };
		FEFE80871CBF8D2F00F25CA5 /* UIPopoverListView.m in Sources */ = {isa = PBXBuildFile; fileRef = FEFE80861CBF8D2F00F25CA5 /* UIPopoverListView.m */; settings = {COMPILER_FLAGS = "-fno-objc-arc"; }; };
		FEFE80891CBF8D3F00F25CA5 /* QuartzCore.framework in Frameworks */ = {isa = PBXBuildFile; fileRef = FEFE80881CBF8D3F00F25CA5 /* QuartzCore.framework */; };
		FEFE80901CBF911E00F25CA5 /* HomeVC+NaviPopup.m in Sources */ = {isa = PBXBuildFile; fileRef = FEFE808F1CBF911E00F25CA5 /* HomeVC+NaviPopup.m */; };
		FEFE80941CBF91F900F25CA5 /* UIKit.framework in Frameworks */ = {isa = PBXBuildFile; fileRef = FEFE80931CBF91F900F25CA5 /* UIKit.framework */; };
		FEFFCDF51D1CE10E00709147 /* AFNTool.m in Sources */ = {isa = PBXBuildFile; fileRef = FEFFCDF41D1CE10E00709147 /* AFNTool.m */; };
/* End PBXBuildFile section */

/* Begin PBXFileReference section */
		0C813AE922F1368B0017FCFC /* BaiYue.app */ = {isa = PBXFileReference; explicitFileType = wrapper.application; includeInIndex = 0; path = BaiYue.app; sourceTree = BUILT_PRODUCTS_DIR; };
		0C813AEC22F139A30017FCFC /* BaiYue-Info.plist */ = {isa = PBXFileReference; fileEncoding = 4; lastKnownFileType = text.plist.xml; path = "BaiYue-Info.plist"; sourceTree = "<group>"; };
		15956D257C340315C4313E7E /* Pods-SportShell.release.xcconfig */ = {isa = PBXFileReference; includeInIndex = 1; lastKnownFileType = text.xcconfig; name = "Pods-SportShell.release.xcconfig"; path = "Pods/Target Support Files/Pods-SportShell/Pods-SportShell.release.xcconfig"; sourceTree = "<group>"; };
		1FD7B189E58154AE5E81AA57 /* Pods-MytShell.debug.xcconfig */ = {isa = PBXFileReference; includeInIndex = 1; lastKnownFileType = text.xcconfig; name = "Pods-MytShell.debug.xcconfig"; path = "Pods/Target Support Files/Pods-MytShell/Pods-MytShell.debug.xcconfig"; sourceTree = "<group>"; };
		5065666AD3ECE7AC30EE54B9 /* Pods-SportShell.debug.xcconfig */ = {isa = PBXFileReference; includeInIndex = 1; lastKnownFileType = text.xcconfig; name = "Pods-SportShell.debug.xcconfig"; path = "Pods/Target Support Files/Pods-SportShell/Pods-SportShell.debug.xcconfig"; sourceTree = "<group>"; };
		840D25BB228E64E800482800 /* YCPlaceHolderView.h */ = {isa = PBXFileReference; lastKnownFileType = sourcecode.c.h; path = YCPlaceHolderView.h; sourceTree = "<group>"; };
		840D25BC228E64E800482800 /* YCPlaceHolderView.m */ = {isa = PBXFileReference; lastKnownFileType = sourcecode.c.objc; path = YCPlaceHolderView.m; sourceTree = "<group>"; };
		840D25BE228E64F300482800 /* YCPlaceHolderView.xib */ = {isa = PBXFileReference; lastKnownFileType = file.xib; path = YCPlaceHolderView.xib; sourceTree = "<group>"; };
		840D25C0228E652C00482800 /* placeholder_no_data@3x.png */ = {isa = PBXFileReference; lastKnownFileType = image.png; path = "placeholder_no_data@3x.png"; sourceTree = "<group>"; };
		840D25C1228E652D00482800 /* placeholder_no_data@2x.png */ = {isa = PBXFileReference; lastKnownFileType = image.png; path = "placeholder_no_data@2x.png"; sourceTree = "<group>"; };
		840D25C2228E652D00482800 /* placeholder_no_data.png */ = {isa = PBXFileReference; lastKnownFileType = image.png; path = placeholder_no_data.png; sourceTree = "<group>"; };
		F802EEE73524084C916E8D0B /* Pods-MytShell.release.xcconfig */ = {isa = PBXFileReference; includeInIndex = 1; lastKnownFileType = text.xcconfig; name = "Pods-MytShell.release.xcconfig"; path = "Pods/Target Support Files/Pods-MytShell/Pods-MytShell.release.xcconfig"; sourceTree = "<group>"; };
		FAB6C5177B50DB39C843BF68 /* Pods_MytShell.framework */ = {isa = PBXFileReference; explicitFileType = wrapper.framework; includeInIndex = 0; path = Pods_MytShell.framework; sourceTree = BUILT_PRODUCTS_DIR; };
		FE01FFC81C9BB2720084AB2E /* MytShell.app */ = {isa = PBXFileReference; explicitFileType = wrapper.application; includeInIndex = 0; path = MytShell.app; sourceTree = BUILT_PRODUCTS_DIR; };
		FE01FFCC1C9BB2720084AB2E /* main.m */ = {isa = PBXFileReference; lastKnownFileType = sourcecode.c.objc; path = main.m; sourceTree = "<group>"; };
		FE01FFCE1C9BB2720084AB2E /* AppDelegate.h */ = {isa = PBXFileReference; lastKnownFileType = sourcecode.c.h; path = AppDelegate.h; sourceTree = "<group>"; };
		FE01FFCF1C9BB2720084AB2E /* AppDelegate.m */ = {isa = PBXFileReference; lastKnownFileType = sourcecode.c.objc; path = AppDelegate.m; sourceTree = "<group>"; };
		FE01FFD71C9BB2720084AB2E /* Assets.xcassets */ = {isa = PBXFileReference; lastKnownFileType = folder.assetcatalog; path = Assets.xcassets; sourceTree = "<group>"; };
		FE01FFDC1C9BB2720084AB2E /* Info.plist */ = {isa = PBXFileReference; lastKnownFileType = text.plist.xml; path = Info.plist; sourceTree = "<group>"; };
		FE07B9691CC9BF2000A48925 /* CoreFoundation.framework */ = {isa = PBXFileReference; lastKnownFileType = wrapper.framework; name = CoreFoundation.framework; path = System/Library/Frameworks/CoreFoundation.framework; sourceTree = SDKROOT; };
		FE0924801DC0ACB800FD047B /* AMapSearchKit.framework */ = {isa = PBXFileReference; lastKnownFileType = wrapper.framework; name = AMapSearchKit.framework; path = ../../../Downloads/AMapSearchKit.framework; sourceTree = "<group>"; };
		FE0924841DC0AE6800FD047B /* HomeVC+AMapSearch.h */ = {isa = PBXFileReference; fileEncoding = 4; lastKnownFileType = sourcecode.c.h; name = "HomeVC+AMapSearch.h"; path = "Main/Category/Map/HomeVC+AMapSearch.h"; sourceTree = "<group>"; };
		FE0924851DC0AE6800FD047B /* HomeVC+AMapSearch.m */ = {isa = PBXFileReference; fileEncoding = 4; lastKnownFileType = sourcecode.c.objc; name = "HomeVC+AMapSearch.m"; path = "Main/Category/Map/HomeVC+AMapSearch.m"; sourceTree = "<group>"; };
		FE0FD2981D217F2B000CD76B /* AppDelegate+MobShare.h */ = {isa = PBXFileReference; fileEncoding = 4; lastKnownFileType = sourcecode.c.h; name = "AppDelegate+MobShare.h"; path = "Main/Category/Share/AppDelegate+MobShare.h"; sourceTree = "<group>"; };
		FE0FD2991D217F2B000CD76B /* AppDelegate+MobShare.m */ = {isa = PBXFileReference; fileEncoding = 4; lastKnownFileType = sourcecode.c.objc; name = "AppDelegate+MobShare.m"; path = "Main/Category/Share/AppDelegate+MobShare.m"; sourceTree = "<group>"; };
		FE0FD29B1D218554000CD76B /* HomeVC+MobShare.h */ = {isa = PBXFileReference; fileEncoding = 4; lastKnownFileType = sourcecode.c.h; name = "HomeVC+MobShare.h"; path = "Main/Category/Share/HomeVC+MobShare.h"; sourceTree = "<group>"; };
		FE0FD29C1D218554000CD76B /* HomeVC+MobShare.m */ = {isa = PBXFileReference; fileEncoding = 4; lastKnownFileType = sourcecode.c.objc; name = "HomeVC+MobShare.m"; path = "Main/Category/Share/HomeVC+MobShare.m"; sourceTree = "<group>"; };
		FE1A7E1C1CCF54AA007AC986 /* jpush-ios-2.1.6.a */ = {isa = PBXFileReference; lastKnownFileType = archive.ar; name = "jpush-ios-2.1.6.a"; path = "Main/Lib/JPush/jpush-ios-2.1.6.a"; sourceTree = "<group>"; };
		FE1A7E1D1CCF54AA007AC986 /* JPUSHService.h */ = {isa = PBXFileReference; fileEncoding = 4; lastKnownFileType = sourcecode.c.h; name = JPUSHService.h; path = Main/Lib/JPush/JPUSHService.h; sourceTree = "<group>"; };
		FE1A7E201CCF5DA2007AC986 /* AppDelegate+JPush.h */ = {isa = PBXFileReference; fileEncoding = 4; lastKnownFileType = sourcecode.c.h; name = "AppDelegate+JPush.h"; path = "Main/Category/JPush/AppDelegate+JPush.h"; sourceTree = "<group>"; };
		FE1A7E211CCF5DA2007AC986 /* AppDelegate+JPush.m */ = {isa = PBXFileReference; fileEncoding = 4; lastKnownFileType = sourcecode.c.objc; name = "AppDelegate+JPush.m"; path = "Main/Category/JPush/AppDelegate+JPush.m"; sourceTree = "<group>"; };
		FE4C7F5A1D1BDB360021BC02 /* HomeVC+Camera.h */ = {isa = PBXFileReference; fileEncoding = 4; lastKnownFileType = sourcecode.c.h; name = "HomeVC+Camera.h"; path = "Main/Category/Camera/HomeVC+Camera.h"; sourceTree = "<group>"; };
		FE4C7F5B1D1BDB360021BC02 /* HomeVC+Camera.m */ = {isa = PBXFileReference; fileEncoding = 4; lastKnownFileType = sourcecode.c.objc; name = "HomeVC+Camera.m"; path = "Main/Category/Camera/HomeVC+Camera.m"; sourceTree = "<group>"; };
		FE7473411CC3DE2200CBDCF3 /* HomeVC+UPPayment.h */ = {isa = PBXFileReference; fileEncoding = 4; lastKnownFileType = sourcecode.c.h; name = "HomeVC+UPPayment.h"; path = "Main/Category/Payment/HomeVC+UPPayment.h"; sourceTree = "<group>"; };
		FE7473421CC3DE2200CBDCF3 /* HomeVC+UPPayment.mm */ = {isa = PBXFileReference; fileEncoding = 4; lastKnownFileType = sourcecode.cpp.objcpp; name = "HomeVC+UPPayment.mm"; path = "Main/Category/Payment/HomeVC+UPPayment.mm"; sourceTree = "<group>"; };
		FE7473471CC3F35100CBDCF3 /* AMapLocationKit.framework */ = {isa = PBXFileReference; lastKnownFileType = wrapper.framework; name = AMapLocationKit.framework; path = Main/Lib/GaoDe/AMapLocationKit.framework; sourceTree = "<group>"; };
		FE7473491CC3F38200CBDCF3 /* CoreLocation.framework */ = {isa = PBXFileReference; lastKnownFileType = wrapper.framework; name = CoreLocation.framework; path = System/Library/Frameworks/CoreLocation.framework; sourceTree = SDKROOT; };
		FE7478961CB89CCE00148910 /* UIWebView+JavaScriptAlert.h */ = {isa = PBXFileReference; fileEncoding = 4; lastKnownFileType = sourcecode.c.h; name = "UIWebView+JavaScriptAlert.h"; path = "Main/Category/UIWebView+JavaScriptAlert.h"; sourceTree = "<group>"; };
		FE7478971CB89CCE00148910 /* UIWebView+JavaScriptAlert.m */ = {isa = PBXFileReference; fileEncoding = 4; lastKnownFileType = sourcecode.c.objc; name = "UIWebView+JavaScriptAlert.m"; path = "Main/Category/UIWebView+JavaScriptAlert.m"; sourceTree = "<group>"; };
		FE7478A81CB8DCB200148910 /* libPaymentControl.a */ = {isa = PBXFileReference; lastKnownFileType = archive.ar; name = libPaymentControl.a; path = Main/Lib/UPPayPlugin/libPaymentControl.a; sourceTree = "<group>"; };
		FE7478A91CB8DCB200148910 /* UPPaymentControl.h */ = {isa = PBXFileReference; fileEncoding = 4; lastKnownFileType = sourcecode.c.h; name = UPPaymentControl.h; path = Main/Lib/UPPayPlugin/UPPaymentControl.h; sourceTree = "<group>"; };
		FE7478AB1CB8DCCE00148910 /* CFNetwork.framework */ = {isa = PBXFileReference; lastKnownFileType = wrapper.framework; name = CFNetwork.framework; path = System/Library/Frameworks/CFNetwork.framework; sourceTree = SDKROOT; };
		FE7478B01CB8DD0600148910 /* libz.tbd */ = {isa = PBXFileReference; lastKnownFileType = "sourcecode.text-based-dylib-definition"; name = libz.tbd; path = usr/lib/libz.tbd; sourceTree = SDKROOT; };
		FE775CF81DEFFA4000FCE4DB /* Const.m */ = {isa = PBXFileReference; fileEncoding = 4; lastKnownFileType = sourcecode.c.objc; name = Const.m; path = Main/Const/Const.m; sourceTree = "<group>"; };
		FE7A11461CCFE4F100A36FD0 /* HomeVC+JPush.h */ = {isa = PBXFileReference; fileEncoding = 4; lastKnownFileType = sourcecode.c.h; name = "HomeVC+JPush.h"; path = "Main/Category/JPush/HomeVC+JPush.h"; sourceTree = "<group>"; };
		FE7A11471CCFE4F100A36FD0 /* HomeVC+JPush.m */ = {isa = PBXFileReference; fileEncoding = 4; lastKnownFileType = sourcecode.c.objc; name = "HomeVC+JPush.m"; path = "Main/Category/JPush/HomeVC+JPush.m"; sourceTree = "<group>"; };
		FEADF4031CBCE89300B0F5E0 /* WxBackVC.h */ = {isa = PBXFileReference; fileEncoding = 4; lastKnownFileType = sourcecode.c.h; name = WxBackVC.h; path = Main/Controller/WxbackVC/WxBackVC.h; sourceTree = "<group>"; };
		FEADF4041CBCE89300B0F5E0 /* WxBackVC.m */ = {isa = PBXFileReference; fileEncoding = 4; lastKnownFileType = sourcecode.c.objc; name = WxBackVC.m; path = Main/Controller/WxbackVC/WxBackVC.m; sourceTree = "<group>"; };
		FED65E5B1D3F2A3C0092C90A /* AssetHelper.h */ = {isa = PBXFileReference; fileEncoding = 4; lastKnownFileType = sourcecode.c.h; name = AssetHelper.h; path = Main/Tool/DoImage/AssetHelper.h; sourceTree = "<group>"; };
		FED65E5C1D3F2A3C0092C90A /* AssetHelper.m */ = {isa = PBXFileReference; fileEncoding = 4; lastKnownFileType = sourcecode.c.objc; name = AssetHelper.m; path = Main/Tool/DoImage/AssetHelper.m; sourceTree = "<group>"; };
		FED65E5D1D3F2A3C0092C90A /* DoAlbumCell.h */ = {isa = PBXFileReference; fileEncoding = 4; lastKnownFileType = sourcecode.c.h; name = DoAlbumCell.h; path = Main/Tool/DoImage/DoAlbumCell.h; sourceTree = "<group>"; };
		FED65E5E1D3F2A3C0092C90A /* DoAlbumCell.m */ = {isa = PBXFileReference; fileEncoding = 4; lastKnownFileType = sourcecode.c.objc; name = DoAlbumCell.m; path = Main/Tool/DoImage/DoAlbumCell.m; sourceTree = "<group>"; };
		FED65E5F1D3F2A3C0092C90A /* DoAlbumCell.xib */ = {isa = PBXFileReference; fileEncoding = 4; lastKnownFileType = file.xib; name = DoAlbumCell.xib; path = Main/Tool/DoImage/DoAlbumCell.xib; sourceTree = "<group>"; };
		FED65E601D3F2A3C0092C90A /* DoImagePickerController.h */ = {isa = PBXFileReference; fileEncoding = 4; lastKnownFileType = sourcecode.c.h; name = DoImagePickerController.h; path = Main/Tool/DoImage/DoImagePickerController.h; sourceTree = "<group>"; };
		FED65E611D3F2A3C0092C90A /* DoImagePickerController.m */ = {isa = PBXFileReference; fileEncoding = 4; lastKnownFileType = sourcecode.c.objc; name = DoImagePickerController.m; path = Main/Tool/DoImage/DoImagePickerController.m; sourceTree = "<group>"; };
		FED65E621D3F2A3C0092C90A /* DoImagePickerController.xib */ = {isa = PBXFileReference; fileEncoding = 4; lastKnownFileType = file.xib; name = DoImagePickerController.xib; path = Main/Tool/DoImage/DoImagePickerController.xib; sourceTree = "<group>"; };
		FED65E631D3F2A3C0092C90A /* DoPhotoCell.h */ = {isa = PBXFileReference; fileEncoding = 4; lastKnownFileType = sourcecode.c.h; name = DoPhotoCell.h; path = Main/Tool/DoImage/DoPhotoCell.h; sourceTree = "<group>"; };
		FED65E641D3F2A3C0092C90A /* DoPhotoCell.m */ = {isa = PBXFileReference; fileEncoding = 4; lastKnownFileType = sourcecode.c.objc; name = DoPhotoCell.m; path = Main/Tool/DoImage/DoPhotoCell.m; sourceTree = "<group>"; };
		FED65E651D3F2A3C0092C90A /* DoPhotoCell.xib */ = {isa = PBXFileReference; fileEncoding = 4; lastKnownFileType = file.xib; name = DoPhotoCell.xib; path = Main/Tool/DoImage/DoPhotoCell.xib; sourceTree = "<group>"; };
		FED65E6D1D3F2C580092C90A /* PrefixHeader.pch */ = {isa = PBXFileReference; lastKnownFileType = sourcecode.c.h; path = PrefixHeader.pch; sourceTree = "<group>"; };
		FEDB425C1CBAAECB00401F4A /* KeychainItemWrapper.h */ = {isa = PBXFileReference; fileEncoding = 4; lastKnownFileType = sourcecode.c.h; name = KeychainItemWrapper.h; path = Main/Lib/keychain/KeychainItemWrapper.h; sourceTree = "<group>"; };
		FEDB425D1CBAAECB00401F4A /* KeychainItemWrapper.m */ = {isa = PBXFileReference; fileEncoding = 4; lastKnownFileType = sourcecode.c.objc; name = KeychainItemWrapper.m; path = Main/Lib/keychain/KeychainItemWrapper.m; sourceTree = "<group>"; };
		FEDB42681CBB3E4000401F4A /* CoreTelephony.framework */ = {isa = PBXFileReference; lastKnownFileType = wrapper.framework; name = CoreTelephony.framework; path = System/Library/Frameworks/CoreTelephony.framework; sourceTree = SDKROOT; };
		FEDB426A1CBB3FD500401F4A /* HomeVC+WxPayment.h */ = {isa = PBXFileReference; fileEncoding = 4; lastKnownFileType = sourcecode.c.h; name = "HomeVC+WxPayment.h"; path = "Main/Category/Payment/HomeVC+WxPayment.h"; sourceTree = "<group>"; };
		FEDB426B1CBB3FD500401F4A /* HomeVC+WxPayment.m */ = {isa = PBXFileReference; fileEncoding = 4; lastKnownFileType = sourcecode.c.objc; name = "HomeVC+WxPayment.m"; path = "Main/Category/Payment/HomeVC+WxPayment.m"; sourceTree = "<group>"; };
		FEDB426E1CBB415700401F4A /* WXUtil.h */ = {isa = PBXFileReference; fileEncoding = 4; lastKnownFileType = sourcecode.c.h; name = WXUtil.h; path = Main/Lib/WXUtil/WXUtil.h; sourceTree = "<group>"; };
		FEDB426F1CBB415700401F4A /* WXUtil.mm */ = {isa = PBXFileReference; fileEncoding = 4; lastKnownFileType = sourcecode.cpp.objcpp; name = WXUtil.mm; path = Main/Lib/WXUtil/WXUtil.mm; sourceTree = "<group>"; };
		FEDFB9461CBB481B0007C85C /* libsqlite3.0.tbd */ = {isa = PBXFileReference; lastKnownFileType = "sourcecode.text-based-dylib-definition"; name = libsqlite3.0.tbd; path = usr/lib/libsqlite3.0.tbd; sourceTree = SDKROOT; };
		FEE0DA371DA8A5060078A4FC /* SportShell.entitlements */ = {isa = PBXFileReference; lastKnownFileType = text.plist.entitlements; path = SportShell.entitlements; sourceTree = "<group>"; };
		FEEE5AD41C9E045A00480813 /* HomeVC.h */ = {isa = PBXFileReference; fileEncoding = 4; lastKnownFileType = sourcecode.c.h; name = HomeVC.h; path = Main/Controller/HomeVC.h; sourceTree = "<group>"; };
		FEEE5AD51C9E045A00480813 /* HomeVC.m */ = {isa = PBXFileReference; fileEncoding = 4; lastKnownFileType = sourcecode.c.objc; name = HomeVC.m; path = Main/Controller/HomeVC.m; sourceTree = "<group>"; };
		FEF327971CB78DA100243ABD /* Const.h */ = {isa = PBXFileReference; fileEncoding = 4; lastKnownFileType = sourcecode.c.h; name = Const.h; path = Main/Const/Const.h; sourceTree = "<group>"; };
		FEF53DF91D1D08EA002B05EA /* Default-568h@2x.png */ = {isa = PBXFileReference; lastKnownFileType = image.png; path = "Default-568h@2x.png"; sourceTree = "<group>"; };
		FEFE807C1CBF8A9100F25CA5 /* MyNaviManage.h */ = {isa = PBXFileReference; fileEncoding = 4; lastKnownFileType = sourcecode.c.h; name = MyNaviManage.h; path = Main/Tool/MyNaviManage.h; sourceTree = "<group>"; };
		FEFE807D1CBF8A9100F25CA5 /* MyNaviManage.m */ = {isa = PBXFileReference; fileEncoding = 4; lastKnownFileType = sourcecode.c.objc; name = MyNaviManage.m; path = Main/Tool/MyNaviManage.m; sourceTree = "<group>"; };
		FEFE807F1CBF8ADB00F25CA5 /* MyNaviManage+GaoDeNavi.h */ = {isa = PBXFileReference; fileEncoding = 4; lastKnownFileType = sourcecode.c.h; name = "MyNaviManage+GaoDeNavi.h"; path = "Main/Category/Map/MyNaviManage+GaoDeNavi.h"; sourceTree = "<group>"; };
		FEFE80801CBF8ADB00F25CA5 /* MyNaviManage+GaoDeNavi.m */ = {isa = PBXFileReference; fileEncoding = 4; lastKnownFileType = sourcecode.c.objc; name = "MyNaviManage+GaoDeNavi.m"; path = "Main/Category/Map/MyNaviManage+GaoDeNavi.m"; sourceTree = "<group>"; };
		FEFE80821CBF8AF800F25CA5 /* MyNaviManage+BaiDuNavi.h */ = {isa = PBXFileReference; fileEncoding = 4; lastKnownFileType = sourcecode.c.h; name = "MyNaviManage+BaiDuNavi.h"; path = "Main/Category/Map/MyNaviManage+BaiDuNavi.h"; sourceTree = "<group>"; };
		FEFE80831CBF8AF800F25CA5 /* MyNaviManage+BaiDuNavi.m */ = {isa = PBXFileReference; fileEncoding = 4; lastKnownFileType = sourcecode.c.objc; name = "MyNaviManage+BaiDuNavi.m"; path = "Main/Category/Map/MyNaviManage+BaiDuNavi.m"; sourceTree = "<group>"; };
		FEFE80851CBF8D2F00F25CA5 /* UIPopoverListView.h */ = {isa = PBXFileReference; fileEncoding = 4; lastKnownFileType = sourcecode.c.h; name = UIPopoverListView.h; path = Main/Tool/UIPopoverListView.h; sourceTree = "<group>"; };
		FEFE80861CBF8D2F00F25CA5 /* UIPopoverListView.m */ = {isa = PBXFileReference; fileEncoding = 4; lastKnownFileType = sourcecode.c.objc; name = UIPopoverListView.m; path = Main/Tool/UIPopoverListView.m; sourceTree = "<group>"; };
		FEFE80881CBF8D3F00F25CA5 /* QuartzCore.framework */ = {isa = PBXFileReference; lastKnownFileType = wrapper.framework; name = QuartzCore.framework; path = System/Library/Frameworks/QuartzCore.framework; sourceTree = SDKROOT; };
		FEFE808E1CBF911E00F25CA5 /* HomeVC+NaviPopup.h */ = {isa = PBXFileReference; fileEncoding = 4; lastKnownFileType = sourcecode.c.h; name = "HomeVC+NaviPopup.h"; path = "Main/Category/Popup/HomeVC+NaviPopup.h"; sourceTree = "<group>"; };
		FEFE808F1CBF911E00F25CA5 /* HomeVC+NaviPopup.m */ = {isa = PBXFileReference; fileEncoding = 4; lastKnownFileType = sourcecode.c.objc; name = "HomeVC+NaviPopup.m"; path = "Main/Category/Popup/HomeVC+NaviPopup.m"; sourceTree = "<group>"; };
		FEFE80931CBF91F900F25CA5 /* UIKit.framework */ = {isa = PBXFileReference; lastKnownFileType = wrapper.framework; name = UIKit.framework; path = System/Library/Frameworks/UIKit.framework; sourceTree = SDKROOT; };
		FEFFCDF31D1CE10E00709147 /* AFNTool.h */ = {isa = PBXFileReference; fileEncoding = 4; lastKnownFileType = sourcecode.c.h; name = AFNTool.h; path = Main/Tool/AFNetworkingTool/AFNTool.h; sourceTree = "<group>"; };
		FEFFCDF41D1CE10E00709147 /* AFNTool.m */ = {isa = PBXFileReference; fileEncoding = 4; lastKnownFileType = sourcecode.c.objc; name = AFNTool.m; path = Main/Tool/AFNetworkingTool/AFNTool.m; sourceTree = "<group>"; };
/* End PBXFileReference section */

/* Begin PBXFrameworksBuildPhase section */
		0C813ACC22F1368B0017FCFC /* Frameworks */ = {
			isa = PBXFrameworksBuildPhase;
			buildActionMask = 2147483647;
			files = (
				0C813ACD22F1368B0017FCFC /* CoreFoundation.framework in Frameworks */,
				0C813ACE22F1368B0017FCFC /* CoreLocation.framework in Frameworks */,
				0C813ACF22F1368B0017FCFC /* UIKit.framework in Frameworks */,
				0C813AD022F1368B0017FCFC /* QuartzCore.framework in Frameworks */,
				0C813AD122F1368B0017FCFC /* libsqlite3.0.tbd in Frameworks */,
				0C813AD222F1368B0017FCFC /* CoreTelephony.framework in Frameworks */,
				0C813AD322F1368B0017FCFC /* libz.tbd in Frameworks */,
				0C813AD422F1368B0017FCFC /* AMapSearchKit.framework in Frameworks */,
				0C813AD522F1368B0017FCFC /* jpush-ios-2.1.6.a in Frameworks */,
				0C813AD622F1368B0017FCFC /* CFNetwork.framework in Frameworks */,
				0C813AD722F1368B0017FCFC /* libPaymentControl.a in Frameworks */,
				0C813AD822F1368B0017FCFC /* AMapLocationKit.framework in Frameworks */,
				0C813AD922F1368B0017FCFC /* Pods_MytShell.framework in Frameworks */,
			);
			runOnlyForDeploymentPostprocessing = 0;
		};
		FE01FFC51C9BB2720084AB2E /* Frameworks */ = {
			isa = PBXFrameworksBuildPhase;
			buildActionMask = 2147483647;
			files = (
				FE07B96A1CC9BF2000A48925 /* CoreFoundation.framework in Frameworks */,
				FE74734A1CC3F38200CBDCF3 /* CoreLocation.framework in Frameworks */,
				FEFE80941CBF91F900F25CA5 /* UIKit.framework in Frameworks */,
				FEFE80891CBF8D3F00F25CA5 /* QuartzCore.framework in Frameworks */,
				FEDFB9471CBB481B0007C85C /* libsqlite3.0.tbd in Frameworks */,
				FEDB42691CBB3E4000401F4A /* CoreTelephony.framework in Frameworks */,
				FE7478B11CB8DD0600148910 /* libz.tbd in Frameworks */,
				FE0924811DC0ACB800FD047B /* AMapSearchKit.framework in Frameworks */,
				FE1A7E1E1CCF54AA007AC986 /* jpush-ios-2.1.6.a in Frameworks */,
				FE7478AC1CB8DCCE00148910 /* CFNetwork.framework in Frameworks */,
				FE7478AA1CB8DCB200148910 /* libPaymentControl.a in Frameworks */,
				FE7473481CC3F35100CBDCF3 /* AMapLocationKit.framework in Frameworks */,
				CD244BFAEF70DF37C41C25FA /* Pods_MytShell.framework in Frameworks */,
			);
			runOnlyForDeploymentPostprocessing = 0;
		};
/* End PBXFrameworksBuildPhase section */

/* Begin PBXGroup section */
		0C813AEB22F1393E0017FCFC /* BaiYueInfo */ = {
			isa = PBXGroup;
			children = (
				0C813AEC22F139A30017FCFC /* BaiYue-Info.plist */,
			);
			path = BaiYueInfo;
			sourceTree = "<group>";
		};
		6C9129C017E0C2D9C9EF6A8B /* Frameworks */ = {
			isa = PBXGroup;
			children = (
				FAB6C5177B50DB39C843BF68 /* Pods_MytShell.framework */,
			);
			name = Frameworks;
			sourceTree = "<group>";
		};
		BEEF8A87F682AD4E03B01B54 /* Pods */ = {
			isa = PBXGroup;
			children = (
				5065666AD3ECE7AC30EE54B9 /* Pods-SportShell.debug.xcconfig */,
				15956D257C340315C4313E7E /* Pods-SportShell.release.xcconfig */,
				1FD7B189E58154AE5E81AA57 /* Pods-MytShell.debug.xcconfig */,
				F802EEE73524084C916E8D0B /* Pods-MytShell.release.xcconfig */,
			);
			name = Pods;
			sourceTree = "<group>";
		};
		FE01FFBF1C9BB2720084AB2E = {
			isa = PBXGroup;
			children = (
				FE01FFCA1C9BB2720084AB2E /* SportShell */,
				6C9129C017E0C2D9C9EF6A8B /* Frameworks */,
				BEEF8A87F682AD4E03B01B54 /* Pods */,
				FE01FFC91C9BB2720084AB2E /* Products */,
				0C813AEB22F1393E0017FCFC /* BaiYueInfo */,
			);
			sourceTree = "<group>";
		};
		FE01FFC91C9BB2720084AB2E /* Products */ = {
			isa = PBXGroup;
			children = (
				FE01FFC81C9BB2720084AB2E /* MytShell.app */,
				0C813AE922F1368B0017FCFC /* BaiYue.app */,
			);
			name = Products;
			sourceTree = "<group>";
		};
		FE01FFCA1C9BB2720084AB2E /* SportShell */ = {
			isa = PBXGroup;
			children = (
				FEE0DA371DA8A5060078A4FC /* SportShell.entitlements */,
				FEF53DF91D1D08EA002B05EA /* Default-568h@2x.png */,
				FE01FFE21C9BDE540084AB2E /* Main */,
				FE01FFCE1C9BB2720084AB2E /* AppDelegate.h */,
				FE01FFCF1C9BB2720084AB2E /* AppDelegate.m */,
				FE01FFD71C9BB2720084AB2E /* Assets.xcassets */,
				FE01FFDC1C9BB2720084AB2E /* Info.plist */,
				FE7478AD1CB8DCDB00148910 /* Farmework */,
				FE01FFCB1C9BB2720084AB2E /* Supporting Files */,
				FED65E6D1D3F2C580092C90A /* PrefixHeader.pch */,
			);
			path = SportShell;
			sourceTree = "<group>";
		};
		FE01FFCB1C9BB2720084AB2E /* Supporting Files */ = {
			isa = PBXGroup;
			children = (
				FE01FFCC1C9BB2720084AB2E /* main.m */,
			);
			name = "Supporting Files";
			sourceTree = "<group>";
		};
		FE01FFE21C9BDE540084AB2E /* Main */ = {
			isa = PBXGroup;
			children = (
				FEFE80721CBF838B00F25CA5 /* Tool */,
				FE7478991CB8A8AE00148910 /* Lib */,
				FE7478951CB89BFA00148910 /* Category */,
				FEF327951CB78D1800243ABD /* Const */,
				FEEE5AC71C9E00D700480813 /* View */,
				FE01FFE61C9BE60E0084AB2E /* Controller */,
			);
			name = Main;
			sourceTree = "<group>";
		};
		FE01FFE61C9BE60E0084AB2E /* Controller */ = {
			isa = PBXGroup;
			children = (
				FEADF4021CBCE84000B0F5E0 /* WxbackVC */,
				FEEE5AD41C9E045A00480813 /* HomeVC.h */,
				FEEE5AD51C9E045A00480813 /* HomeVC.m */,
			);
			name = Controller;
			sourceTree = "<group>";
		};
		FE1A7E1B1CCF548D007AC986 /* JPush */ = {
			isa = PBXGroup;
			children = (
				FE1A7E1C1CCF54AA007AC986 /* jpush-ios-2.1.6.a */,
				FE1A7E1D1CCF54AA007AC986 /* JPUSHService.h */,
			);
			name = JPush;
			sourceTree = "<group>";
		};
		FE1A7E1F1CCF5CE6007AC986 /* JPush */ = {
			isa = PBXGroup;
			children = (
				FE1A7E201CCF5DA2007AC986 /* AppDelegate+JPush.h */,
				FE1A7E211CCF5DA2007AC986 /* AppDelegate+JPush.m */,
				FE7A11461CCFE4F100A36FD0 /* HomeVC+JPush.h */,
				FE7A11471CCFE4F100A36FD0 /* HomeVC+JPush.m */,
			);
			name = JPush;
			sourceTree = "<group>";
		};
		FE4C7F591D1BDAE60021BC02 /* Camera */ = {
			isa = PBXGroup;
			children = (
				FE4C7F5A1D1BDB360021BC02 /* HomeVC+Camera.h */,
				FE4C7F5B1D1BDB360021BC02 /* HomeVC+Camera.m */,
			);
			name = Camera;
			sourceTree = "<group>";
		};
		FE6EB5231D21159C00E16724 /* Share */ = {
			isa = PBXGroup;
			children = (
				FE0FD2981D217F2B000CD76B /* AppDelegate+MobShare.h */,
				FE0FD2991D217F2B000CD76B /* AppDelegate+MobShare.m */,
				FE0FD29B1D218554000CD76B /* HomeVC+MobShare.h */,
				FE0FD29C1D218554000CD76B /* HomeVC+MobShare.m */,
			);
			name = Share;
			sourceTree = "<group>";
		};
		FE7478951CB89BFA00148910 /* Category */ = {
			isa = PBXGroup;
			children = (
				FE6EB5231D21159C00E16724 /* Share */,
				FE4C7F591D1BDAE60021BC02 /* Camera */,
				FE1A7E1F1CCF5CE6007AC986 /* JPush */,
				FEFE808A1CBF8DF300F25CA5 /* Popup */,
				FEADF4061CBCF14C00B0F5E0 /* Map */,
				FE7478A71CB8AB4F00148910 /* Payment */,
				FE7478961CB89CCE00148910 /* UIWebView+JavaScriptAlert.h */,
				FE7478971CB89CCE00148910 /* UIWebView+JavaScriptAlert.m */,
			);
			name = Category;
			sourceTree = "<group>";
		};
		FE7478991CB8A8AE00148910 /* Lib */ = {
			isa = PBXGroup;
			children = (
				FE1A7E1B1CCF548D007AC986 /* JPush */,
				FEB9F27B1CC012F1002C84D4 /* GaoDe */,
				FEDB426D1CBB411200401F4A /* WXUtil */,
				FEDB425B1CBAAE9800401F4A /* keychain */,
				FE7478A01CB8A90C00148910 /* UPPayPlugin */,
			);
			name = Lib;
			sourceTree = "<group>";
		};
		FE7478A01CB8A90C00148910 /* UPPayPlugin */ = {
			isa = PBXGroup;
			children = (
				FE7478A81CB8DCB200148910 /* libPaymentControl.a */,
				FE7478A91CB8DCB200148910 /* UPPaymentControl.h */,
			);
			name = UPPayPlugin;
			sourceTree = "<group>";
		};
		FE7478A71CB8AB4F00148910 /* Payment */ = {
			isa = PBXGroup;
			children = (
				FEDB426A1CBB3FD500401F4A /* HomeVC+WxPayment.h */,
				FEDB426B1CBB3FD500401F4A /* HomeVC+WxPayment.m */,
				FE7473411CC3DE2200CBDCF3 /* HomeVC+UPPayment.h */,
				FE7473421CC3DE2200CBDCF3 /* HomeVC+UPPayment.mm */,
			);
			name = Payment;
			sourceTree = "<group>";
		};
		FE7478AD1CB8DCDB00148910 /* Farmework */ = {
			isa = PBXGroup;
			children = (
				FE07B9691CC9BF2000A48925 /* CoreFoundation.framework */,
				FE7473491CC3F38200CBDCF3 /* CoreLocation.framework */,
				FEFE80931CBF91F900F25CA5 /* UIKit.framework */,
				FEFE80881CBF8D3F00F25CA5 /* QuartzCore.framework */,
				FEDFB9461CBB481B0007C85C /* libsqlite3.0.tbd */,
				FEDB42681CBB3E4000401F4A /* CoreTelephony.framework */,
				FE7478B01CB8DD0600148910 /* libz.tbd */,
				FE7478AB1CB8DCCE00148910 /* CFNetwork.framework */,
			);
			name = Farmework;
			sourceTree = "<group>";
		};
		FEADF4021CBCE84000B0F5E0 /* WxbackVC */ = {
			isa = PBXGroup;
			children = (
				FEADF4031CBCE89300B0F5E0 /* WxBackVC.h */,
				FEADF4041CBCE89300B0F5E0 /* WxBackVC.m */,
			);
			name = WxbackVC;
			sourceTree = "<group>";
		};
		FEADF4061CBCF14C00B0F5E0 /* Map */ = {
			isa = PBXGroup;
			children = (
				FEFE807F1CBF8ADB00F25CA5 /* MyNaviManage+GaoDeNavi.h */,
				FEFE80801CBF8ADB00F25CA5 /* MyNaviManage+GaoDeNavi.m */,
				FEFE80821CBF8AF800F25CA5 /* MyNaviManage+BaiDuNavi.h */,
				FEFE80831CBF8AF800F25CA5 /* MyNaviManage+BaiDuNavi.m */,
				FE0924841DC0AE6800FD047B /* HomeVC+AMapSearch.h */,
				FE0924851DC0AE6800FD047B /* HomeVC+AMapSearch.m */,
			);
			name = Map;
			sourceTree = "<group>";
		};
		FEB9F27B1CC012F1002C84D4 /* GaoDe */ = {
			isa = PBXGroup;
			children = (
				FE0924801DC0ACB800FD047B /* AMapSearchKit.framework */,
				FE7473471CC3F35100CBDCF3 /* AMapLocationKit.framework */,
			);
			name = GaoDe;
			sourceTree = "<group>";
		};
		FED65E5A1D3F29FC0092C90A /* DoImage */ = {
			isa = PBXGroup;
			children = (
				FED65E5B1D3F2A3C0092C90A /* AssetHelper.h */,
				FED65E5C1D3F2A3C0092C90A /* AssetHelper.m */,
				FED65E5D1D3F2A3C0092C90A /* DoAlbumCell.h */,
				FED65E5E1D3F2A3C0092C90A /* DoAlbumCell.m */,
				FED65E5F1D3F2A3C0092C90A /* DoAlbumCell.xib */,
				FED65E601D3F2A3C0092C90A /* DoImagePickerController.h */,
				FED65E611D3F2A3C0092C90A /* DoImagePickerController.m */,
				FED65E621D3F2A3C0092C90A /* DoImagePickerController.xib */,
				FED65E631D3F2A3C0092C90A /* DoPhotoCell.h */,
				FED65E641D3F2A3C0092C90A /* DoPhotoCell.m */,
				FED65E651D3F2A3C0092C90A /* DoPhotoCell.xib */,
			);
			name = DoImage;
			sourceTree = "<group>";
		};
		FEDB425B1CBAAE9800401F4A /* keychain */ = {
			isa = PBXGroup;
			children = (
				FEDB425C1CBAAECB00401F4A /* KeychainItemWrapper.h */,
				FEDB425D1CBAAECB00401F4A /* KeychainItemWrapper.m */,
			);
			name = keychain;
			sourceTree = "<group>";
		};
		FEDB426D1CBB411200401F4A /* WXUtil */ = {
			isa = PBXGroup;
			children = (
				FEDB426E1CBB415700401F4A /* WXUtil.h */,
				FEDB426F1CBB415700401F4A /* WXUtil.mm */,
			);
			name = WXUtil;
			sourceTree = "<group>";
		};
		FEEE5AC71C9E00D700480813 /* View */ = {
			isa = PBXGroup;
			children = (
				840D25C2228E652D00482800 /* placeholder_no_data.png */,
				840D25C1228E652D00482800 /* placeholder_no_data@2x.png */,
				840D25C0228E652C00482800 /* placeholder_no_data@3x.png */,
				840D25BB228E64E800482800 /* YCPlaceHolderView.h */,
				840D25BC228E64E800482800 /* YCPlaceHolderView.m */,
				840D25BE228E64F300482800 /* YCPlaceHolderView.xib */,
			);
			name = View;
			sourceTree = "<group>";
		};
		FEF327951CB78D1800243ABD /* Const */ = {
			isa = PBXGroup;
			children = (
				FEF327971CB78DA100243ABD /* Const.h */,
				FE775CF81DEFFA4000FCE4DB /* Const.m */,
			);
			name = Const;
			sourceTree = "<group>";
		};
		FEFE80721CBF838B00F25CA5 /* Tool */ = {
			isa = PBXGroup;
			children = (
				FED65E5A1D3F29FC0092C90A /* DoImage */,
				FEFFCDF21D1CDFE800709147 /* AFNetworkingTool */,
				FEFE80851CBF8D2F00F25CA5 /* UIPopoverListView.h */,
				FEFE80861CBF8D2F00F25CA5 /* UIPopoverListView.m */,
				FEFE807C1CBF8A9100F25CA5 /* MyNaviManage.h */,
				FEFE807D1CBF8A9100F25CA5 /* MyNaviManage.m */,
			);
			name = Tool;
			sourceTree = "<group>";
		};
		FEFE808A1CBF8DF300F25CA5 /* Popup */ = {
			isa = PBXGroup;
			children = (
				FEFE808E1CBF911E00F25CA5 /* HomeVC+NaviPopup.h */,
				FEFE808F1CBF911E00F25CA5 /* HomeVC+NaviPopup.m */,
			);
			name = Popup;
			sourceTree = "<group>";
		};
		FEFFCDF21D1CDFE800709147 /* AFNetworkingTool */ = {
			isa = PBXGroup;
			children = (
				FEFFCDF31D1CE10E00709147 /* AFNTool.h */,
				FEFFCDF41D1CE10E00709147 /* AFNTool.m */,
			);
			name = AFNetworkingTool;
			sourceTree = "<group>";
		};
/* End PBXGroup section */

/* Begin PBXNativeTarget section */
		0C813AAE22F1368B0017FCFC /* BaiYue */ = {
			isa = PBXNativeTarget;
			buildConfigurationList = 0C813AE622F1368B0017FCFC /* Build configuration list for PBXNativeTarget "BaiYue" */;
			buildPhases = (
				0C813AAF22F1368B0017FCFC /* [CP] Check Pods Manifest.lock */,
				0C813AB022F1368B0017FCFC /* Sources */,
				0C813ACC22F1368B0017FCFC /* Frameworks */,
				0C813ADA22F1368B0017FCFC /* Resources */,
				0C813AE422F1368B0017FCFC /* [CP] Embed Pods Frameworks */,
				0C813AE522F1368B0017FCFC /* [CP] Copy Pods Resources */,
			);
			buildRules = (
			);
			dependencies = (
			);
			name = BaiYue;
			productName = NewShell;
			productReference = 0C813AE922F1368B0017FCFC /* BaiYue.app */;
			productType = "com.apple.product-type.application";
		};
		FE01FFC71C9BB2720084AB2E /* MytShell */ = {
			isa = PBXNativeTarget;
			buildConfigurationList = FE01FFDF1C9BB2720084AB2E /* Build configuration list for PBXNativeTarget "MytShell" */;
			buildPhases = (
				A851FE096A146555274F5800 /* [CP] Check Pods Manifest.lock */,
				FE01FFC41C9BB2720084AB2E /* Sources */,
				FE01FFC51C9BB2720084AB2E /* Frameworks */,
				FE01FFC61C9BB2720084AB2E /* Resources */,
				98EEECD0C06F7A57072CCA55 /* [CP] Embed Pods Frameworks */,
				C14B4DD58452FCF6B9FC87E5 /* [CP] Copy Pods Resources */,
			);
			buildRules = (
			);
			dependencies = (
			);
			name = MytShell;
			productName = NewShell;
			productReference = FE01FFC81C9BB2720084AB2E /* MytShell.app */;
			productType = "com.apple.product-type.application";
		};
/* End PBXNativeTarget section */

/* Begin PBXProject section */
		FE01FFC01C9BB2720084AB2E /* Project object */ = {
			isa = PBXProject;
			attributes = {
				LastUpgradeCheck = 0720;
				ORGANIZATIONNAME = SportShell;
				TargetAttributes = {
					0C813AAE22F1368B0017FCFC = {
						DevelopmentTeam = SJN78ELCW7;
					};
					FE01FFC71C9BB2720084AB2E = {
						CreatedOnToolsVersion = 7.2.1;
						DevelopmentTeam = SJN78ELCW7;
						SystemCapabilities = {
							com.apple.BackgroundModes = {
								enabled = 1;
							};
							com.apple.Push = {
								enabled = 1;
							};
						};
					};
				};
			};
			buildConfigurationList = FE01FFC31C9BB2720084AB2E /* Build configuration list for PBXProject "MytShell" */;
			compatibilityVersion = "Xcode 3.2";
			developmentRegion = English;
			hasScannedForEncodings = 0;
			knownRegions = (
				English,
				en,
				Base,
			);
			mainGroup = FE01FFBF1C9BB2720084AB2E;
			productRefGroup = FE01FFC91C9BB2720084AB2E /* Products */;
			projectDirPath = "";
			projectRoot = "";
			targets = (
				FE01FFC71C9BB2720084AB2E /* MytShell */,
				0C813AAE22F1368B0017FCFC /* BaiYue */,
			);
		};
/* End PBXProject section */

/* Begin PBXResourcesBuildPhase section */
		0C813ADA22F1368B0017FCFC /* Resources */ = {
			isa = PBXResourcesBuildPhase;
			buildActionMask = 2147483647;
			files = (
				0C813ADB22F1368B0017FCFC /* DoPhotoCell.xib in Resources */,
				0C813ADC22F1368B0017FCFC /* DoImagePickerController.xib in Resources */,
				0C813ADD22F1368B0017FCFC /* DoAlbumCell.xib in Resources */,
				0C813ADF22F1368B0017FCFC /* YCPlaceHolderView.xib in Resources */,
				0C813AE022F1368B0017FCFC /* placeholder_no_data@3x.png in Resources */,
				0C813AE122F1368B0017FCFC /* Default-568h@2x.png in Resources */,
				0C813AE222F1368B0017FCFC /* placeholder_no_data@2x.png in Resources */,
				0C813AEE22F13C8F0017FCFC /* Assets.xcassets in Resources */,
				0C813AE322F1368B0017FCFC /* placeholder_no_data.png in Resources */,
			);
			runOnlyForDeploymentPostprocessing = 0;
		};
		FE01FFC61C9BB2720084AB2E /* Resources */ = {
			isa = PBXResourcesBuildPhase;
			buildActionMask = 2147483647;
			files = (
				FED65E6C1D3F2A3C0092C90A /* DoPhotoCell.xib in Resources */,
				FED65E6A1D3F2A3C0092C90A /* DoImagePickerController.xib in Resources */,
				FED65E681D3F2A3C0092C90A /* DoAlbumCell.xib in Resources */,
				FE01FFD81C9BB2720084AB2E /* Assets.xcassets in Resources */,
				840D25BF228E64F300482800 /* YCPlaceHolderView.xib in Resources */,
				840D25C3228E652D00482800 /* placeholder_no_data@3x.png in Resources */,
				FEF53DFA1D1D08EA002B05EA /* Default-568h@2x.png in Resources */,
				0C813AED22F139A30017FCFC /* BaiYue-Info.plist in Resources */,
				840D25C4228E652D00482800 /* placeholder_no_data@2x.png in Resources */,
				840D25C5228E652D00482800 /* placeholder_no_data.png in Resources */,
			);
			runOnlyForDeploymentPostprocessing = 0;
		};
/* End PBXResourcesBuildPhase section */

/* Begin PBXShellScriptBuildPhase section */
		0C813AAF22F1368B0017FCFC /* [CP] Check Pods Manifest.lock */ = {
			isa = PBXShellScriptBuildPhase;
			buildActionMask = 2147483647;
			files = (
			);
			inputPaths = (
				"${PODS_PODFILE_DIR_PATH}/Podfile.lock",
				"${PODS_ROOT}/Manifest.lock",
			);
			name = "[CP] Check Pods Manifest.lock";
			outputPaths = (
				"$(DERIVED_FILE_DIR)/Pods-MytShell-checkManifestLockResult.txt",
			);
			runOnlyForDeploymentPostprocessing = 0;
			shellPath = /bin/sh;
			shellScript = "diff \"${PODS_PODFILE_DIR_PATH}/Podfile.lock\" \"${PODS_ROOT}/Manifest.lock\" > /dev/null\nif [ $? != 0 ] ; then\n    # print error to STDERR\n    echo \"error: The sandbox is not in sync with the Podfile.lock. Run 'pod install' or update your CocoaPods installation.\" >&2\n    exit 1\nfi\n# This output is used by Xcode 'outputs' to avoid re-running this script phase.\necho \"SUCCESS\" > \"${SCRIPT_OUTPUT_FILE_0}\"\n";
			showEnvVarsInLog = 0;
		};
		0C813AE422F1368B0017FCFC /* [CP] Embed Pods Frameworks */ = {
			isa = PBXShellScriptBuildPhase;
			buildActionMask = 2147483647;
			files = (
			);
			inputPaths = (
				"${PODS_ROOT}/Target Support Files/Pods-MytShell/Pods-MytShell-frameworks.sh",
				"${BUILT_PRODUCTS_DIR}/AFNetworking/AFNetworking.framework",
			);
			name = "[CP] Embed Pods Frameworks";
			outputPaths = (
				"${TARGET_BUILD_DIR}/${FRAMEWORKS_FOLDER_PATH}/AFNetworking.framework",
			);
			runOnlyForDeploymentPostprocessing = 0;
			shellPath = /bin/sh;
			shellScript = "\"${PODS_ROOT}/Target Support Files/Pods-MytShell/Pods-MytShell-frameworks.sh\"\n";
			showEnvVarsInLog = 0;
		};
		0C813AE522F1368B0017FCFC /* [CP] Copy Pods Resources */ = {
			isa = PBXShellScriptBuildPhase;
			buildActionMask = 2147483647;
			files = (
			);
			inputPaths = (
				"${PODS_ROOT}/Target Support Files/Pods-MytShell/Pods-MytShell-resources.sh",
				"${PODS_ROOT}/mob_sharesdk/ShareSDK/Support/Required/ShareSDK.bundle",
				"${PODS_ROOT}/mob_sharesdk/ShareSDK/Support/PlatformSDK/SinaWeiboSDK/WeiboSDK.bundle",
				"${PODS_ROOT}/mob_sharesdk/ShareSDK/Support/Optional/ShareSDKUI.bundle",
			);
			name = "[CP] Copy Pods Resources";
			outputPaths = (
				"${TARGET_BUILD_DIR}/${UNLOCALIZED_RESOURCES_FOLDER_PATH}/ShareSDK.bundle",
				"${TARGET_BUILD_DIR}/${UNLOCALIZED_RESOURCES_FOLDER_PATH}/WeiboSDK.bundle",
				"${TARGET_BUILD_DIR}/${UNLOCALIZED_RESOURCES_FOLDER_PATH}/ShareSDKUI.bundle",
			);
			runOnlyForDeploymentPostprocessing = 0;
			shellPath = /bin/sh;
			shellScript = "\"${PODS_ROOT}/Target Support Files/Pods-MytShell/Pods-MytShell-resources.sh\"\n";
			showEnvVarsInLog = 0;
		};
		98EEECD0C06F7A57072CCA55 /* [CP] Embed Pods Frameworks */ = {
			isa = PBXShellScriptBuildPhase;
			buildActionMask = 2147483647;
			files = (
			);
			inputPaths = (
				"${PODS_ROOT}/Target Support Files/Pods-MytShell/Pods-MytShell-frameworks.sh",
				"${BUILT_PRODUCTS_DIR}/AFNetworking/AFNetworking.framework",
			);
			name = "[CP] Embed Pods Frameworks";
			outputPaths = (
				"${TARGET_BUILD_DIR}/${FRAMEWORKS_FOLDER_PATH}/AFNetworking.framework",
			);
			runOnlyForDeploymentPostprocessing = 0;
			shellPath = /bin/sh;
			shellScript = "\"${PODS_ROOT}/Target Support Files/Pods-MytShell/Pods-MytShell-frameworks.sh\"\n";
			showEnvVarsInLog = 0;
		};
		A851FE096A146555274F5800 /* [CP] Check Pods Manifest.lock */ = {
			isa = PBXShellScriptBuildPhase;
			buildActionMask = 2147483647;
			files = (
			);
			inputPaths = (
				"${PODS_PODFILE_DIR_PATH}/Podfile.lock",
				"${PODS_ROOT}/Manifest.lock",
			);
			name = "[CP] Check Pods Manifest.lock";
			outputPaths = (
				"$(DERIVED_FILE_DIR)/Pods-MytShell-checkManifestLockResult.txt",
			);
			runOnlyForDeploymentPostprocessing = 0;
			shellPath = /bin/sh;
			shellScript = "diff \"${PODS_PODFILE_DIR_PATH}/Podfile.lock\" \"${PODS_ROOT}/Manifest.lock\" > /dev/null\nif [ $? != 0 ] ; then\n    # print error to STDERR\n    echo \"error: The sandbox is not in sync with the Podfile.lock. Run 'pod install' or update your CocoaPods installation.\" >&2\n    exit 1\nfi\n# This output is used by Xcode 'outputs' to avoid re-running this script phase.\necho \"SUCCESS\" > \"${SCRIPT_OUTPUT_FILE_0}\"\n";
			showEnvVarsInLog = 0;
		};
		C14B4DD58452FCF6B9FC87E5 /* [CP] Copy Pods Resources */ = {
			isa = PBXShellScriptBuildPhase;
			buildActionMask = 2147483647;
			files = (
			);
			inputPaths = (
				"${PODS_ROOT}/Target Support Files/Pods-MytShell/Pods-MytShell-resources.sh",
				"${PODS_ROOT}/mob_sharesdk/ShareSDK/Support/Required/ShareSDK.bundle",
				"${PODS_ROOT}/mob_sharesdk/ShareSDK/Support/PlatformSDK/SinaWeiboSDK/WeiboSDK.bundle",
				"${PODS_ROOT}/mob_sharesdk/ShareSDK/Support/Optional/ShareSDKUI.bundle",
			);
			name = "[CP] Copy Pods Resources";
			outputPaths = (
				"${TARGET_BUILD_DIR}/${UNLOCALIZED_RESOURCES_FOLDER_PATH}/ShareSDK.bundle",
				"${TARGET_BUILD_DIR}/${UNLOCALIZED_RESOURCES_FOLDER_PATH}/WeiboSDK.bundle",
				"${TARGET_BUILD_DIR}/${UNLOCALIZED_RESOURCES_FOLDER_PATH}/ShareSDKUI.bundle",
			);
			runOnlyForDeploymentPostprocessing = 0;
			shellPath = /bin/sh;
			shellScript = "\"${PODS_ROOT}/Target Support Files/Pods-MytShell/Pods-MytShell-resources.sh\"\n";
			showEnvVarsInLog = 0;
		};
/* End PBXShellScriptBuildPhase section */

/* Begin PBXSourcesBuildPhase section */
		0C813AB022F1368B0017FCFC /* Sources */ = {
			isa = PBXSourcesBuildPhase;
			buildActionMask = 2147483647;
			files = (
				0C813AB122F1368B0017FCFC /* AppDelegate+MobShare.m in Sources */,
				0C813AB222F1368B0017FCFC /* HomeVC+JPush.m in Sources */,
				0C813AB322F1368B0017FCFC /* HomeVC.m in Sources */,
				0C813AB422F1368B0017FCFC /* HomeVC+UPPayment.mm in Sources */,
				0C813AB522F1368B0017FCFC /* MyNaviManage+GaoDeNavi.m in Sources */,
				0C813AB622F1368B0017FCFC /* MyNaviManage.m in Sources */,
				0C813AB722F1368B0017FCFC /* HomeVC+MobShare.m in Sources */,
				0C813AB822F1368B0017FCFC /* WXUtil.mm in Sources */,
				0C813AB922F1368B0017FCFC /* AppDelegate.m in Sources */,
				0C813ABA22F1368B0017FCFC /* AFNTool.m in Sources */,
				0C813ABB22F1368B0017FCFC /* main.m in Sources */,
				0C813ABC22F1368B0017FCFC /* Const.m in Sources */,
				0C813ABD22F1368B0017FCFC /* UIPopoverListView.m in Sources */,
				0C813ABE22F1368B0017FCFC /* HomeVC+WxPayment.m in Sources */,
				0C813ABF22F1368B0017FCFC /* HomeVC+AMapSearch.m in Sources */,
				0C813AC022F1368B0017FCFC /* HomeVC+Camera.m in Sources */,
				0C813AC122F1368B0017FCFC /* DoImagePickerController.m in Sources */,
				0C813AC222F1368B0017FCFC /* AppDelegate+JPush.m in Sources */,
				0C813AC322F1368B0017FCFC /* KeychainItemWrapper.m in Sources */,
				0C813AC422F1368B0017FCFC /* MyNaviManage+BaiDuNavi.m in Sources */,
				0C813AC522F1368B0017FCFC /* WxBackVC.m in Sources */,
				0C813AC622F1368B0017FCFC /* YCPlaceHolderView.m in Sources */,
				0C813AC722F1368B0017FCFC /* DoAlbumCell.m in Sources */,
				0C813AC822F1368B0017FCFC /* AssetHelper.m in Sources */,
				0C813AC922F1368B0017FCFC /* DoPhotoCell.m in Sources */,
				0C813ACA22F1368B0017FCFC /* HomeVC+NaviPopup.m in Sources */,
				0C813ACB22F1368B0017FCFC /* UIWebView+JavaScriptAlert.m in Sources */,
			);
			runOnlyForDeploymentPostprocessing = 0;
		};
		FE01FFC41C9BB2720084AB2E /* Sources */ = {
			isa = PBXSourcesBuildPhase;
			buildActionMask = 2147483647;
			files = (
				FE0FD29A1D217F2B000CD76B /* AppDelegate+MobShare.m in Sources */,
				FE7A11481CCFE4F100A36FD0 /* HomeVC+JPush.m in Sources */,
				FEEE5AD61C9E045A00480813 /* HomeVC.m in Sources */,
				FE7473431CC3DE2200CBDCF3 /* HomeVC+UPPayment.mm in Sources */,
				FEFE80811CBF8ADB00F25CA5 /* MyNaviManage+GaoDeNavi.m in Sources */,
				FEFE807E1CBF8A9100F25CA5 /* MyNaviManage.m in Sources */,
				FE0FD29D1D218554000CD76B /* HomeVC+MobShare.m in Sources */,
				FEDB42701CBB415700401F4A /* WXUtil.mm in Sources */,
				FE01FFD01C9BB2720084AB2E /* AppDelegate.m in Sources */,
				FEFFCDF51D1CE10E00709147 /* AFNTool.m in Sources */,
				FE01FFCD1C9BB2720084AB2E /* main.m in Sources */,
				FE775CF91DEFFA4000FCE4DB /* Const.m in Sources */,
				FEFE80871CBF8D2F00F25CA5 /* UIPopoverListView.m in Sources */,
				FEDB426C1CBB3FD500401F4A /* HomeVC+WxPayment.m in Sources */,
				FE0924861DC0AE6800FD047B /* HomeVC+AMapSearch.m in Sources */,
				FE4C7F5C1D1BDB360021BC02 /* HomeVC+Camera.m in Sources */,
				FED65E691D3F2A3C0092C90A /* DoImagePickerController.m in Sources */,
				FE1A7E221CCF5DA2007AC986 /* AppDelegate+JPush.m in Sources */,
				FEDB425E1CBAAECB00401F4A /* KeychainItemWrapper.m in Sources */,
				FEFE80841CBF8AF800F25CA5 /* MyNaviManage+BaiDuNavi.m in Sources */,
				FEADF4051CBCE89300B0F5E0 /* WxBackVC.m in Sources */,
				840D25BD228E64E800482800 /* YCPlaceHolderView.m in Sources */,
				FED65E671D3F2A3C0092C90A /* DoAlbumCell.m in Sources */,
				FED65E661D3F2A3C0092C90A /* AssetHelper.m in Sources */,
				FED65E6B1D3F2A3C0092C90A /* DoPhotoCell.m in Sources */,
				FEFE80901CBF911E00F25CA5 /* HomeVC+NaviPopup.m in Sources */,
				FE7478981CB89CCE00148910 /* UIWebView+JavaScriptAlert.m in Sources */,
			);
			runOnlyForDeploymentPostprocessing = 0;
		};
/* End PBXSourcesBuildPhase section */

/* Begin XCBuildConfiguration section */
		0C813AE722F1368B0017FCFC /* Debug */ = {
			isa = XCBuildConfiguration;
			baseConfigurationReference = 1FD7B189E58154AE5E81AA57 /* Pods-MytShell.debug.xcconfig */;
			buildSettings = {
				ASSETCATALOG_COMPILER_APPICON_NAME = BaiYueAppIcon;
				ASSETCATALOG_COMPILER_LAUNCHIMAGE_NAME = BaiYueLaunchImage;
				CODE_SIGN_ENTITLEMENTS = SportShell/SportShell.entitlements;
				CODE_SIGN_IDENTITY = "iPhone Developer";
				"CODE_SIGN_IDENTITY[sdk=iphoneos*]" = "iPhone Developer";
				DEVELOPMENT_TEAM = SJN78ELCW7;
				ENABLE_BITCODE = NO;
				FRAMEWORK_SEARCH_PATHS = (
					"$(inherited)",
					"$(PROJECT_DIR)/SportShell/Main/Lib/GaoDe",
				);
				GCC_PRECOMPILE_PREFIX_HEADER = YES;
				GCC_PREFIX_HEADER = "$(SRCROOT)/SportShell/PrefixHeader.pch";
				GCC_PREPROCESSOR_DEFINITIONS = (
					"$(inherited)",
					"COCOAPODS=1",
					"BaiYue=1",
					"Enterprise=0",
				);
				INFOPLIST_FILE = "$(SRCROOT)/BaiYueInfo/BaiYue-Info.plist";
				IPHONEOS_DEPLOYMENT_TARGET = 8.0;
				LD_RUNPATH_SEARCH_PATHS = "$(inherited) @executable_path/Frameworks";
				LIBRARY_SEARCH_PATHS = (
					"$(inherited)",
					"$(PROJECT_DIR)/SportShell/Main/Lib/UPPayPlugin",
					"$(PROJECT_DIR)/SportShell/Main/Lib/WXPayment",
					"$(PROJECT_DIR)/SportShell/Main/Lib/JPush",
				);
				OTHER_LDFLAGS = (
					"-ObjC",
					"$(inherited)",
				);
				OTHER_LIBTOOLFLAGS = "";
				PRODUCT_BUNDLE_IDENTIFIER = com.myt.baiyue;
				PRODUCT_NAME = "$(TARGET_NAME)";
				PROVISIONING_PROFILE = "";
				TARGETED_DEVICE_FAMILY = "1,2";
				USER_HEADER_SEARCH_PATHS = "${SRCROOT}/**";
			};
			name = Debug;
		};
		0C813AE822F1368B0017FCFC /* Release */ = {
			isa = XCBuildConfiguration;
			baseConfigurationReference = F802EEE73524084C916E8D0B /* Pods-MytShell.release.xcconfig */;
			buildSettings = {
				ASSETCATALOG_COMPILER_APPICON_NAME = BaiYueAppIcon;
				ASSETCATALOG_COMPILER_LAUNCHIMAGE_NAME = BaiYueLaunchImage;
				CODE_SIGN_ENTITLEMENTS = SportShell/SportShell.entitlements;
				CODE_SIGN_IDENTITY = "iPhone Developer";
				"CODE_SIGN_IDENTITY[sdk=iphoneos*]" = "iPhone Developer";
				DEVELOPMENT_TEAM = SJN78ELCW7;
				ENABLE_BITCODE = NO;
				FRAMEWORK_SEARCH_PATHS = (
					"$(inherited)",
					"$(PROJECT_DIR)/SportShell/Main/Lib/GaoDe",
				);
				GCC_PRECOMPILE_PREFIX_HEADER = YES;
				GCC_PREFIX_HEADER = "$(SRCROOT)/SportShell/PrefixHeader.pch";
				GCC_PREPROCESSOR_DEFINITIONS = (
					"$(inherited)",
					"COCOAPODS=1",
					"BaiYue=1",
					"Enterprise=0",
				);
				INFOPLIST_FILE = "$(SRCROOT)/BaiYueInfo/BaiYue-Info.plist";
				IPHONEOS_DEPLOYMENT_TARGET = 8.0;
				LD_RUNPATH_SEARCH_PATHS = "$(inherited) @executable_path/Frameworks";
				LIBRARY_SEARCH_PATHS = (
					"$(inherited)",
					"$(PROJECT_DIR)/SportShell/Main/Lib/UPPayPlugin",
					"$(PROJECT_DIR)/SportShell/Main/Lib/WXPayment",
					"$(PROJECT_DIR)/SportShell/Main/Lib/JPush",
				);
				OTHER_LDFLAGS = (
					"-ObjC",
					"$(inherited)",
				);
				OTHER_LIBTOOLFLAGS = "";
				PRODUCT_BUNDLE_IDENTIFIER = com.myt.baiyue;
				PRODUCT_NAME = "$(TARGET_NAME)";
				PROVISIONING_PROFILE = "";
				TARGETED_DEVICE_FAMILY = "1,2";
				USER_HEADER_SEARCH_PATHS = "${SRCROOT}/**";
			};
			name = Release;
		};
		FE01FFDD1C9BB2720084AB2E /* Debug */ = {
			isa = XCBuildConfiguration;
			buildSettings = {
				ALWAYS_SEARCH_USER_PATHS = NO;
				CLANG_CXX_LANGUAGE_STANDARD = "gnu++0x";
				CLANG_CXX_LIBRARY = "libc++";
				CLANG_ENABLE_MODULES = YES;
				CLANG_ENABLE_OBJC_ARC = YES;
				CLANG_WARN_BOOL_CONVERSION = YES;
				CLANG_WARN_CONSTANT_CONVERSION = YES;
				CLANG_WARN_DIRECT_OBJC_ISA_USAGE = YES_ERROR;
				CLANG_WARN_EMPTY_BODY = YES;
				CLANG_WARN_ENUM_CONVERSION = YES;
				CLANG_WARN_INT_CONVERSION = YES;
				CLANG_WARN_OBJC_ROOT_CLASS = YES_ERROR;
				CLANG_WARN_UNREACHABLE_CODE = YES;
				CLANG_WARN__DUPLICATE_METHOD_MATCH = YES;
				CODE_SIGN_IDENTITY = "";
				"CODE_SIGN_IDENTITY[sdk=iphoneos*]" = "";
				COPY_PHASE_STRIP = NO;
				DEBUG_INFORMATION_FORMAT = dwarf;
				ENABLE_BITCODE = NO;
				ENABLE_STRICT_OBJC_MSGSEND = YES;
				ENABLE_TESTABILITY = YES;
				GCC_C_LANGUAGE_STANDARD = gnu99;
				GCC_DYNAMIC_NO_PIC = NO;
				GCC_NO_COMMON_BLOCKS = YES;
				GCC_OPTIMIZATION_LEVEL = 0;
				GCC_PREPROCESSOR_DEFINITIONS = (
					"DEBUG=1",
					"$(inherited)",
				);
				GCC_WARN_64_TO_32_BIT_CONVERSION = YES;
				GCC_WARN_ABOUT_RETURN_TYPE = YES_ERROR;
				GCC_WARN_UNDECLARED_SELECTOR = YES;
				GCC_WARN_UNINITIALIZED_AUTOS = YES_AGGRESSIVE;
				GCC_WARN_UNUSED_FUNCTION = YES;
				GCC_WARN_UNUSED_VARIABLE = YES;
				IPHONEOS_DEPLOYMENT_TARGET = 8.0;
				MTL_ENABLE_DEBUG_INFO = YES;
				ONLY_ACTIVE_ARCH = YES;
				PROVISIONING_PROFILE = "";
				SDKROOT = iphoneos;
				TARGETED_DEVICE_FAMILY = "1,2";
			};
			name = Debug;
		};
		FE01FFDE1C9BB2720084AB2E /* Release */ = {
			isa = XCBuildConfiguration;
			buildSettings = {
				ALWAYS_SEARCH_USER_PATHS = NO;
				CLANG_CXX_LANGUAGE_STANDARD = "gnu++0x";
				CLANG_CXX_LIBRARY = "libc++";
				CLANG_ENABLE_MODULES = YES;
				CLANG_ENABLE_OBJC_ARC = YES;
				CLANG_WARN_BOOL_CONVERSION = YES;
				CLANG_WARN_CONSTANT_CONVERSION = YES;
				CLANG_WARN_DIRECT_OBJC_ISA_USAGE = YES_ERROR;
				CLANG_WARN_EMPTY_BODY = YES;
				CLANG_WARN_ENUM_CONVERSION = YES;
				CLANG_WARN_INT_CONVERSION = YES;
				CLANG_WARN_OBJC_ROOT_CLASS = YES_ERROR;
				CLANG_WARN_UNREACHABLE_CODE = YES;
				CLANG_WARN__DUPLICATE_METHOD_MATCH = YES;
				CODE_SIGN_IDENTITY = "";
				"CODE_SIGN_IDENTITY[sdk=iphoneos*]" = "";
				COPY_PHASE_STRIP = NO;
				DEBUG_INFORMATION_FORMAT = "dwarf-with-dsym";
				ENABLE_BITCODE = NO;
				ENABLE_NS_ASSERTIONS = NO;
				ENABLE_STRICT_OBJC_MSGSEND = YES;
				GCC_C_LANGUAGE_STANDARD = gnu99;
				GCC_NO_COMMON_BLOCKS = YES;
				GCC_WARN_64_TO_32_BIT_CONVERSION = YES;
				GCC_WARN_ABOUT_RETURN_TYPE = YES_ERROR;
				GCC_WARN_UNDECLARED_SELECTOR = YES;
				GCC_WARN_UNINITIALIZED_AUTOS = YES_AGGRESSIVE;
				GCC_WARN_UNUSED_FUNCTION = YES;
				GCC_WARN_UNUSED_VARIABLE = YES;
				IPHONEOS_DEPLOYMENT_TARGET = 8.0;
				MTL_ENABLE_DEBUG_INFO = NO;
				PROVISIONING_PROFILE = "";
				SDKROOT = iphoneos;
				TARGETED_DEVICE_FAMILY = "1,2";
				VALIDATE_PRODUCT = YES;
			};
			name = Release;
		};
		FE01FFE01C9BB2720084AB2E /* Debug */ = {
			isa = XCBuildConfiguration;
			baseConfigurationReference = 1FD7B189E58154AE5E81AA57 /* Pods-MytShell.debug.xcconfig */;
			buildSettings = {
				ASSETCATALOG_COMPILER_APPICON_NAME = AppIcon;
				ASSETCATALOG_COMPILER_LAUNCHIMAGE_NAME = LaunchImage;
				CODE_SIGN_ENTITLEMENTS = SportShell/SportShell.entitlements;
				CODE_SIGN_IDENTITY = "iPhone Developer";
				"CODE_SIGN_IDENTITY[sdk=iphoneos*]" = "iPhone Developer";
				DEVELOPMENT_TEAM = SJN78ELCW7;
				ENABLE_BITCODE = NO;
				FRAMEWORK_SEARCH_PATHS = (
					"$(inherited)",
					"$(PROJECT_DIR)/SportShell/Main/Lib/GaoDe",
				);
				GCC_PRECOMPILE_PREFIX_HEADER = YES;
				GCC_PREFIX_HEADER = "$(SRCROOT)/SportShell/PrefixHeader.pch";
				GCC_PREPROCESSOR_DEFINITIONS = (
					"$(inherited)",
					"COCOAPODS=1",
					"BaiYue=0",
					"Enterprise=1",
				);
				INFOPLIST_FILE = "$(SRCROOT)/SportShell/Info.plist";
				IPHONEOS_DEPLOYMENT_TARGET = 8.0;
				LD_RUNPATH_SEARCH_PATHS = "$(inherited) @executable_path/Frameworks";
				LIBRARY_SEARCH_PATHS = (
					"$(inherited)",
					"$(PROJECT_DIR)/SportShell/Main/Lib/UPPayPlugin",
					"$(PROJECT_DIR)/SportShell/Main/Lib/WXPayment",
					"$(PROJECT_DIR)/SportShell/Main/Lib/JPush",
				);
				OTHER_LDFLAGS = (
					"-ObjC",
					"$(inherited)",
				);
				OTHER_LIBTOOLFLAGS = "";
				PRODUCT_BUNDLE_IDENTIFIER = com.myt.boss;
				PRODUCT_NAME = MytShell;
				PROVISIONING_PROFILE = "";
				TARGETED_DEVICE_FAMILY = "1,2";
				USER_HEADER_SEARCH_PATHS = "${SRCROOT}/**";
			};
			name = Debug;
		};
		FE01FFE11C9BB2720084AB2E /* Release */ = {
			isa = XCBuildConfiguration;
			baseConfigurationReference = F802EEE73524084C916E8D0B /* Pods-MytShell.release.xcconfig */;
			buildSettings = {
				ASSETCATALOG_COMPILER_APPICON_NAME = AppIcon;
				ASSETCATALOG_COMPILER_LAUNCHIMAGE_NAME = LaunchImage;
				CODE_SIGN_ENTITLEMENTS = SportShell/SportShell.entitlements;
				CODE_SIGN_IDENTITY = "iPhone Developer";
				"CODE_SIGN_IDENTITY[sdk=iphoneos*]" = "iPhone Developer";
				DEVELOPMENT_TEAM = SJN78ELCW7;
				ENABLE_BITCODE = NO;
				FRAMEWORK_SEARCH_PATHS = (
					"$(inherited)",
					"$(PROJECT_DIR)/SportShell/Main/Lib/GaoDe",
				);
				GCC_PRECOMPILE_PREFIX_HEADER = YES;
				GCC_PREFIX_HEADER = "$(SRCROOT)/SportShell/PrefixHeader.pch";
				GCC_PREPROCESSOR_DEFINITIONS = (
					"$(inherited)",
					"COCOAPODS=1",
					"BaiYue=0",
					"Enterprise=1",
				);
				INFOPLIST_FILE = "$(SRCROOT)/SportShell/Info.plist";
				IPHONEOS_DEPLOYMENT_TARGET = 8.0;
				LD_RUNPATH_SEARCH_PATHS = "$(inherited) @executable_path/Frameworks";
				LIBRARY_SEARCH_PATHS = (
					"$(inherited)",
					"$(PROJECT_DIR)/SportShell/Main/Lib/UPPayPlugin",
					"$(PROJECT_DIR)/SportShell/Main/Lib/WXPayment",
					"$(PROJECT_DIR)/SportShell/Main/Lib/JPush",
				);
				OTHER_LDFLAGS = (
					"-ObjC",
					"$(inherited)",
				);
				OTHER_LIBTOOLFLAGS = "";
				PRODUCT_BUNDLE_IDENTIFIER = com.myt.boss;
				PRODUCT_NAME = MytShell;
				PROVISIONING_PROFILE = "";
				TARGETED_DEVICE_FAMILY = "1,2";
				USER_HEADER_SEARCH_PATHS = "${SRCROOT}/**";
			};
			name = Release;
		};
/* End XCBuildConfiguration section */

/* Begin XCConfigurationList section */
		0C813AE622F1368B0017FCFC /* Build configuration list for PBXNativeTarget "BaiYue" */ = {
			isa = XCConfigurationList;
			buildConfigurations = (
				0C813AE722F1368B0017FCFC /* Debug */,
				0C813AE822F1368B0017FCFC /* Release */,
			);
			defaultConfigurationIsVisible = 0;
			defaultConfigurationName = Release;
		};
		FE01FFC31C9BB2720084AB2E /* Build configuration list for PBXProject "MytShell" */ = {
			isa = XCConfigurationList;
			buildConfigurations = (
				FE01FFDD1C9BB2720084AB2E /* Debug */,
				FE01FFDE1C9BB2720084AB2E /* Release */,
			);
			defaultConfigurationIsVisible = 0;
			defaultConfigurationName = Release;
		};
		FE01FFDF1C9BB2720084AB2E /* Build configuration list for PBXNativeTarget "MytShell" */ = {
			isa = XCConfigurationList;
			buildConfigurations = (
				FE01FFE01C9BB2720084AB2E /* Debug */,
				FE01FFE11C9BB2720084AB2E /* Release */,
			);
			defaultConfigurationIsVisible = 0;
			defaultConfigurationName = Release;
		};
/* End XCConfigurationList section */
	};
	rootObject = FE01FFC01C9BB2720084AB2E /* Project object */;
}
